github.com/RHsyseng/lib-ps-validator v0.0.4 h1:DROIUVODU9CwisCLDCECPwpOXHnbrBrKXpZp+A5U9NM=
github.com/RHsyseng/lib-ps-validator v0.0.4/go.mod h1:MjRiAahu9CP4/NHQxb1swaDXh3lSJXPKgKTMNyPb6rs=
github.com/RHsyseng/lib-ps-validator v0.0.5 h1:8X1ZkgPNeq20ej2MA+deNCvfovMaGxY8o/yKNEl0fqE=
github.com/RHsyseng/lib-ps-validator v0.0.5/go.mod h1:MjRiAahu9CP4/NHQxb1swaDXh3lSJXPKgKTMNyPb6rs=
