github.com/RHsyseng/lib-ps-validator v0.0.7 h1:pqvM1Gy7nzFdPJgmTjM5Bwe8C2mWObWNjjeo0b44GgU=
github.com/RHsyseng/lib-ps-validator v0.0.7/go.mod h1:MjRiAahu9CP4/NHQxb1swaDXh3lSJXPKgKTMNyPb6rs=
github.com/RHsyseng/lib-ps-validator v0.0.8 h1:bffZ8piRiayjodKC7rkZrBERhy5XkfJ0+yU0fEbfqgY=
github.com/RHsyseng/lib-ps-validator v0.0.8/go.mod h1:MjRiAahu9CP4/NHQxb1swaDXh3lSJXPKgKTMNyPb6rs=
